
Microsoft Visual Studio Solution File, Format Version 12.00
# Visual Studio 15
VisualStudioVersion = 15.0.27130.2010
MinimumVisualStudioVersion = 10.0.40219.1
Project("{9A19103F-16F7-4668-BE54-9A1E7A4F7556}") = "ExoPlanetHunter.Web", "ExoPlanetHunter.Web\ExoPlanetHunter.Web.csproj", "{23E44F78-99A4-4A43-818A-72937DD10525}"
EndProject
Project("{9A19103F-16F7-4668-BE54-9A1E7A4F7556}") = "ExoPlanetHunter.Database", "ExoPlanetHunter.Database\ExoPlanetHunter.Database.csproj", "{8E9C452C-D1DD-45E6-8940-A990B9F39B28}"
EndProject
Project("{9A19103F-16F7-4668-BE54-9A1E7A4F7556}") = "ExoPlanetHunter.PHL", "ExoPlanetHunter.PHL\ExoPlanetHunter.PHL.csproj", "{799C191E-0D1C-4973-9F8E-ED716E432143}"
EndProject
Project("{9A19103F-16F7-4668-BE54-9A1E7A4F7556}") = "ExoPlanetHunter.Service", "ExoPlanetHunter.Service\ExoPlanetHunter.Service.csproj", "{0AD1D07F-456B-4D7E-A81F-1968680789ED}"
EndProject
Project("{9A19103F-16F7-4668-BE54-9A1E7A4F7556}") = "ExoPlanetHunter.IntegrationTests", "ExoPlanetHunter.IntegrationTests\ExoPlanetHunter.IntegrationTests.csproj", "{63580E21-AE65-415A-B160-020EA880B925}"
EndProject
Global
	GlobalSection(SolutionConfigurationPlatforms) = preSolution
		Debug|Any CPU = Debug|Any CPU
		Release|Any CPU = Release|Any CPU
	EndGlobalSection
	GlobalSection(ProjectConfigurationPlatforms) = postSolution
		{23E44F78-99A4-4A43-818A-72937DD10525}.Debug|Any CPU.ActiveCfg = Debug|Any CPU
		{23E44F78-99A4-4A43-818A-72937DD10525}.Debug|Any CPU.Build.0 = Debug|Any CPU
		{23E44F78-99A4-4A43-818A-72937DD10525}.Release|Any CPU.ActiveCfg = Release|Any CPU
		{23E44F78-99A4-4A43-818A-72937DD10525}.Release|Any CPU.Build.0 = Release|Any CPU
		{8E9C452C-D1DD-45E6-8940-A990B9F39B28}.Debug|Any CPU.ActiveCfg = Debug|Any CPU
		{8E9C452C-D1DD-45E6-8940-A990B9F39B28}.Debug|Any CPU.Build.0 = Debug|Any CPU
		{8E9C452C-D1DD-45E6-8940-A990B9F39B28}.Release|Any CPU.ActiveCfg = Release|Any CPU
		{8E9C452C-D1DD-45E6-8940-A990B9F39B28}.Release|Any CPU.Build.0 = Release|Any CPU
		{799C191E-0D1C-4973-9F8E-ED716E432143}.Debug|Any CPU.ActiveCfg = Debug|Any CPU
		{799C191E-0D1C-4973-9F8E-ED716E432143}.Debug|Any CPU.Build.0 = Debug|Any CPU
		{799C191E-0D1C-4973-9F8E-ED716E432143}.Release|Any CPU.ActiveCfg = Release|Any CPU
		{799C191E-0D1C-4973-9F8E-ED716E432143}.Release|Any CPU.Build.0 = Release|Any CPU
		{0AD1D07F-456B-4D7E-A81F-1968680789ED}.Debug|Any CPU.ActiveCfg = Debug|Any CPU
		{0AD1D07F-456B-4D7E-A81F-1968680789ED}.Debug|Any CPU.Build.0 = Debug|Any CPU
		{0AD1D07F-456B-4D7E-A81F-1968680789ED}.Release|Any CPU.ActiveCfg = Release|Any CPU
		{0AD1D07F-456B-4D7E-A81F-1968680789ED}.Release|Any CPU.Build.0 = Release|Any CPU
		{63580E21-AE65-415A-B160-020EA880B925}.Debug|Any CPU.ActiveCfg = Debug|Any CPU
		{63580E21-AE65-415A-B160-020EA880B925}.Debug|Any CPU.Build.0 = Debug|Any CPU
		{63580E21-AE65-415A-B160-020EA880B925}.Release|Any CPU.ActiveCfg = Release|Any CPU
		{63580E21-AE65-415A-B160-020EA880B925}.Release|Any CPU.Build.0 = Release|Any CPU
	EndGlobalSection
	GlobalSection(SolutionProperties) = preSolution
		HideSolutionNode = FALSE
	EndGlobalSection
	GlobalSection(ExtensibilityGlobals) = postSolution
		SolutionGuid = {5B121F89-F463-4091-86B2-B33DE8E3B019}
	EndGlobalSection
EndGlobal
