
Microsoft Visual Studio Solution File, Format Version 12.00
# Visual Studio 15
VisualStudioVersion = 15.0.27703.2042
MinimumVisualStudioVersion = 10.0.40219.1
Project("{9A19103F-16F7-4668-BE54-9A1E7A4F7556}") = "ExoPlanetHunterWeb", "ExoPlanetHunterWeb\ExoPlanetHunterWeb.csproj", "{423F5EA0-392D-4EE4-A178-8C300CDBEA74}"
EndProject
Project("{9A19103F-16F7-4668-BE54-9A1E7A4F7556}") = "ExoPlanetHunter.Service", "ExoPlanetHunter.Service\ExoPlanetHunter.Service.csproj", "{909CB05A-55C9-441C-A5AA-21B90E6CB22E}"
EndProject
Project("{9A19103F-16F7-4668-BE54-9A1E7A4F7556}") = "ExoPlanetHunter.Database", "ExoPlanetHunter.Database\ExoPlanetHunter.Database.csproj", "{EC169868-02E1-40B8-8854-476503271EDB}"
EndProject
Project("{9A19103F-16F7-4668-BE54-9A1E7A4F7556}") = "ExoPlanetHunter.PHL", "ExoPlanetHunter.PHL\ExoPlanetHunter.PHL.csproj", "{20E2757B-203B-42A2-B568-1E8E26F75F19}"
EndProject
Project("{FAE04EC0-301F-11D3-BF4B-00C04F79EFBC}") = "ExoPlanetHunter.Electron", "ExoPlanetHunter.Electron\ExoPlanetHunter.Electron.csproj", "{CF94E931-51A5-4AF6-A15A-5F97251B0830}"
EndProject
Global
	GlobalSection(SolutionConfigurationPlatforms) = preSolution
		Debug|Any CPU = Debug|Any CPU
		Release|Any CPU = Release|Any CPU
	EndGlobalSection
	GlobalSection(ProjectConfigurationPlatforms) = postSolution
		{423F5EA0-392D-4EE4-A178-8C300CDBEA74}.Debug|Any CPU.ActiveCfg = Debug|Any CPU
		{423F5EA0-392D-4EE4-A178-8C300CDBEA74}.Debug|Any CPU.Build.0 = Debug|Any CPU
		{423F5EA0-392D-4EE4-A178-8C300CDBEA74}.Release|Any CPU.ActiveCfg = Release|Any CPU
		{423F5EA0-392D-4EE4-A178-8C300CDBEA74}.Release|Any CPU.Build.0 = Release|Any CPU
		{909CB05A-55C9-441C-A5AA-21B90E6CB22E}.Debug|Any CPU.ActiveCfg = Debug|Any CPU
		{909CB05A-55C9-441C-A5AA-21B90E6CB22E}.Debug|Any CPU.Build.0 = Debug|Any CPU
		{909CB05A-55C9-441C-A5AA-21B90E6CB22E}.Release|Any CPU.ActiveCfg = Release|Any CPU
		{909CB05A-55C9-441C-A5AA-21B90E6CB22E}.Release|Any CPU.Build.0 = Release|Any CPU
		{EC169868-02E1-40B8-8854-476503271EDB}.Debug|Any CPU.ActiveCfg = Debug|Any CPU
		{EC169868-02E1-40B8-8854-476503271EDB}.Debug|Any CPU.Build.0 = Debug|Any CPU
		{EC169868-02E1-40B8-8854-476503271EDB}.Release|Any CPU.ActiveCfg = Release|Any CPU
		{EC169868-02E1-40B8-8854-476503271EDB}.Release|Any CPU.Build.0 = Release|Any CPU
		{20E2757B-203B-42A2-B568-1E8E26F75F19}.Debug|Any CPU.ActiveCfg = Debug|Any CPU
		{20E2757B-203B-42A2-B568-1E8E26F75F19}.Debug|Any CPU.Build.0 = Debug|Any CPU
		{20E2757B-203B-42A2-B568-1E8E26F75F19}.Release|Any CPU.ActiveCfg = Release|Any CPU
		{20E2757B-203B-42A2-B568-1E8E26F75F19}.Release|Any CPU.Build.0 = Release|Any CPU
		{CF94E931-51A5-4AF6-A15A-5F97251B0830}.Debug|Any CPU.ActiveCfg = Debug|Any CPU
		{CF94E931-51A5-4AF6-A15A-5F97251B0830}.Debug|Any CPU.Build.0 = Debug|Any CPU
		{CF94E931-51A5-4AF6-A15A-5F97251B0830}.Release|Any CPU.ActiveCfg = Release|Any CPU
		{CF94E931-51A5-4AF6-A15A-5F97251B0830}.Release|Any CPU.Build.0 = Release|Any CPU
	EndGlobalSection
	GlobalSection(SolutionProperties) = preSolution
		HideSolutionNode = FALSE
	EndGlobalSection
	GlobalSection(ExtensibilityGlobals) = postSolution
		SolutionGuid = {94353716-DDF8-4F3F-83BF-4C6A558FFC22}
	EndGlobalSection
EndGlobal
